// !$*UTF8*$!
{
	archiveVersion = 1;
	classes = {
	};
	objectVersion = 46;
	objects = {

/* Begin PBXBuildFile section */
		4205259B1C0C425A001F9C95 /* ToDoViewController.swift in Sources */ = {isa = PBXBuildFile; fileRef = 4205259A1C0C425A001F9C95 /* ToDoViewController.swift */; };
		4205259E1C0C44CC001F9C95 /* IngredHeadCell.swift in Sources */ = {isa = PBXBuildFile; fileRef = 4205259D1C0C44CC001F9C95 /* IngredHeadCell.swift */; };
		420525A01C0C44EE001F9C95 /* IngredCell.swift in Sources */ = {isa = PBXBuildFile; fileRef = 4205259F1C0C44EE001F9C95 /* IngredCell.swift */; };
		420525A21C0C999A001F9C95 /* CheckBox.swift in Sources */ = {isa = PBXBuildFile; fileRef = 420525A11C0C999A001F9C95 /* CheckBox.swift */; };
		420F62391C084F6800505B4D /* ThirdSubCatRecViewController.swift in Sources */ = {isa = PBXBuildFile; fileRef = 420F62381C084F6800505B4D /* ThirdSubCatRecViewController.swift */; };
		420F623E1C08766D00505B4D /* FBSDKLoginKit.framework in Frameworks */ = {isa = PBXBuildFile; fileRef = 420F623D1C08766D00505B4D /* FBSDKLoginKit.framework */; };
		420F62451C088F3600505B4D /* Bolts.framework in Frameworks */ = {isa = PBXBuildFile; fileRef = 420F62421C088F3600505B4D /* Bolts.framework */; };
		420F62461C088F3600505B4D /* Parse.framework in Frameworks */ = {isa = PBXBuildFile; fileRef = 420F62431C088F3600505B4D /* Parse.framework */; };
		420F62471C088F3600505B4D /* ParseFacebookUtilsV4.framework in Frameworks */ = {isa = PBXBuildFile; fileRef = 420F62441C088F3600505B4D /* ParseFacebookUtilsV4.framework */; };
		420F62491C088F6A00505B4D /* ParseUI.framework in Frameworks */ = {isa = PBXBuildFile; fileRef = 420F62481C088F6A00505B4D /* ParseUI.framework */; };
		420F624B1C0892C400505B4D /* ProtectedPageViewController.swift in Sources */ = {isa = PBXBuildFile; fileRef = 420F624A1C0892C400505B4D /* ProtectedPageViewController.swift */; };
		420F62511C08B6E000505B4D /* ToDoRecCell.swift in Sources */ = {isa = PBXBuildFile; fileRef = 420F62501C08B6E000505B4D /* ToDoRecCell.swift */; };
		421243011C005F910044A5CD /* FBSDKCoreKit.framework in Frameworks */ = {isa = PBXBuildFile; fileRef = 421243001C005F910044A5CD /* FBSDKCoreKit.framework */; };
		421809E11C071FC900A627FC /* CategorySearchViewController.swift in Sources */ = {isa = PBXBuildFile; fileRef = 421809E01C071FC900A627FC /* CategorySearchViewController.swift */; };
		421809E41C07221C00A627FC /* SecondSubCatDetailViewController.swift in Sources */ = {isa = PBXBuildFile; fileRef = 421809E31C07221C00A627FC /* SecondSubCatDetailViewController.swift */; };
		4222839D1C05A5910050BE7B /* CAPSPageMenu.swift in Sources */ = {isa = PBXBuildFile; fileRef = 4222839C1C05A5910050BE7B /* CAPSPageMenu.swift */; };
		422283A11C05A7E00050BE7B /* InfoViewController.swift in Sources */ = {isa = PBXBuildFile; fileRef = 422283A01C05A7E00050BE7B /* InfoViewController.swift */; };
		422283A31C05A7F70050BE7B /* IngredientViewController.swift in Sources */ = {isa = PBXBuildFile; fileRef = 422283A21C05A7F70050BE7B /* IngredientViewController.swift */; };
		422283A51C05A8060050BE7B /* InstructionsViewController.swift in Sources */ = {isa = PBXBuildFile; fileRef = 422283A41C05A8060050BE7B /* InstructionsViewController.swift */; };
		422283A71C05A81A0050BE7B /* InfoViewController.xib in Resources */ = {isa = PBXBuildFile; fileRef = 422283A61C05A81A0050BE7B /* InfoViewController.xib */; };
		422283A91C05A8440050BE7B /* IngredientViewController.xib in Resources */ = {isa = PBXBuildFile; fileRef = 422283A81C05A8440050BE7B /* IngredientViewController.xib */; };
		422283AB1C05A8570050BE7B /* InstructionsViewController.xib in Resources */ = {isa = PBXBuildFile; fileRef = 422283AA1C05A8570050BE7B /* InstructionsViewController.xib */; };
		423FBD321C20536000159A96 /* Api.swift in Sources */ = {isa = PBXBuildFile; fileRef = 423FBD311C20536000159A96 /* Api.swift */; };
		423FBD351C20539100159A96 /* Config.plist in Resources */ = {isa = PBXBuildFile; fileRef = 423FBD341C20539100159A96 /* Config.plist */; };
		4252151C1C05BE4C00D2C712 /* InfoCell.xib in Resources */ = {isa = PBXBuildFile; fileRef = 4252151B1C05BE4C00D2C712 /* InfoCell.xib */; };
		4252151F1C05BE7200D2C712 /* InfoCell.swift in Sources */ = {isa = PBXBuildFile; fileRef = 4252151E1C05BE7200D2C712 /* InfoCell.swift */; };
		425215211C05C00300D2C712 /* InstructionCell.swift in Sources */ = {isa = PBXBuildFile; fileRef = 425215201C05C00300D2C712 /* InstructionCell.swift */; };
		425215231C05C02800D2C712 /* InstructionCell.xib in Resources */ = {isa = PBXBuildFile; fileRef = 425215221C05C02800D2C712 /* InstructionCell.xib */; };
		425215251C05F3A100D2C712 /* IngredientCell.xib in Resources */ = {isa = PBXBuildFile; fileRef = 425215241C05F3A100D2C712 /* IngredientCell.xib */; };
		425215271C05F3DA00D2C712 /* IngredientCell.swift in Sources */ = {isa = PBXBuildFile; fileRef = 425215261C05F3DA00D2C712 /* IngredientCell.swift */; };
		4252154A1C061B4800D2C712 /* MKAnnotationView+WebCache.m in Sources */ = {isa = PBXBuildFile; fileRef = 4252152A1C061B4800D2C712 /* MKAnnotationView+WebCache.m */; };
		4252154B1C061B4800D2C712 /* NSData+ImageContentType.m in Sources */ = {isa = PBXBuildFile; fileRef = 4252152C1C061B4800D2C712 /* NSData+ImageContentType.m */; };
		4252154C1C061B4800D2C712 /* SDImageCache.m in Sources */ = {isa = PBXBuildFile; fileRef = 4252152E1C061B4800D2C712 /* SDImageCache.m */; };
		4252154D1C061B4800D2C712 /* SDWebImageCompat.m in Sources */ = {isa = PBXBuildFile; fileRef = 425215301C061B4800D2C712 /* SDWebImageCompat.m */; };
		4252154E1C061B4800D2C712 /* SDWebImageDecoder.m in Sources */ = {isa = PBXBuildFile; fileRef = 425215321C061B4800D2C712 /* SDWebImageDecoder.m */; };
		4252154F1C061B4800D2C712 /* SDWebImageDownloader.m in Sources */ = {isa = PBXBuildFile; fileRef = 425215341C061B4800D2C712 /* SDWebImageDownloader.m */; };
		425215501C061B4800D2C712 /* SDWebImageDownloaderOperation.m in Sources */ = {isa = PBXBuildFile; fileRef = 425215361C061B4800D2C712 /* SDWebImageDownloaderOperation.m */; };
		425215511C061B4800D2C712 /* SDWebImageManager.m in Sources */ = {isa = PBXBuildFile; fileRef = 425215381C061B4800D2C712 /* SDWebImageManager.m */; };
		425215521C061B4800D2C712 /* SDWebImagePrefetcher.m in Sources */ = {isa = PBXBuildFile; fileRef = 4252153B1C061B4800D2C712 /* SDWebImagePrefetcher.m */; };
		425215531C061B4800D2C712 /* UIButton+WebCache.m in Sources */ = {isa = PBXBuildFile; fileRef = 4252153D1C061B4800D2C712 /* UIButton+WebCache.m */; };
		425215541C061B4800D2C712 /* UIImage+GIF.m in Sources */ = {isa = PBXBuildFile; fileRef = 4252153F1C061B4800D2C712 /* UIImage+GIF.m */; };
		425215551C061B4800D2C712 /* UIImage+MultiFormat.m in Sources */ = {isa = PBXBuildFile; fileRef = 425215411C061B4800D2C712 /* UIImage+MultiFormat.m */; };
		425215561C061B4800D2C712 /* UIImage+WebP.m in Sources */ = {isa = PBXBuildFile; fileRef = 425215431C061B4800D2C712 /* UIImage+WebP.m */; };
		425215571C061B4800D2C712 /* UIImageView+HighlightedWebCache.m in Sources */ = {isa = PBXBuildFile; fileRef = 425215451C061B4800D2C712 /* UIImageView+HighlightedWebCache.m */; };
		425215581C061B4800D2C712 /* UIImageView+WebCache.m in Sources */ = {isa = PBXBuildFile; fileRef = 425215471C061B4800D2C712 /* UIImageView+WebCache.m */; };
		425215591C061B4800D2C712 /* UIView+WebCacheOperation.m in Sources */ = {isa = PBXBuildFile; fileRef = 425215491C061B4800D2C712 /* UIView+WebCacheOperation.m */; };
		425D21C71C04535100B381FC /* TodayRecipe.swift in Sources */ = {isa = PBXBuildFile; fileRef = 425D21C61C04535100B381FC /* TodayRecipe.swift */; };
		425D21C91C04571C00B381FC /* TodayRecipe.xib in Resources */ = {isa = PBXBuildFile; fileRef = 425D21C81C04571C00B381FC /* TodayRecipe.xib */; };
		425D21CD1C0472F100B381FC /* VideoCell.swift in Sources */ = {isa = PBXBuildFile; fileRef = 425D21CC1C0472F100B381FC /* VideoCell.swift */; };
		425D21CF1C047F0500B381FC /* Helpers.swift in Sources */ = {isa = PBXBuildFile; fileRef = 425D21CE1C047F0500B381FC /* Helpers.swift */; };
		426A899C1BFF22DE00249AF1 /* AppDelegate.swift in Sources */ = {isa = PBXBuildFile; fileRef = 426A899B1BFF22DE00249AF1 /* AppDelegate.swift */; };
		426A899E1BFF22DE00249AF1 /* FirstViewController.swift in Sources */ = {isa = PBXBuildFile; fileRef = 426A899D1BFF22DE00249AF1 /* FirstViewController.swift */; };
		426A89A01BFF22DE00249AF1 /* SecondViewController.swift in Sources */ = {isa = PBXBuildFile; fileRef = 426A899F1BFF22DE00249AF1 /* SecondViewController.swift */; };
		426A89A31BFF22DE00249AF1 /* Main.storyboard in Resources */ = {isa = PBXBuildFile; fileRef = 426A89A11BFF22DE00249AF1 /* Main.storyboard */; };
		426A89A51BFF22DE00249AF1 /* Assets.xcassets in Resources */ = {isa = PBXBuildFile; fileRef = 426A89A41BFF22DE00249AF1 /* Assets.xcassets */; };
		426A89A81BFF22DE00249AF1 /* LaunchScreen.storyboard in Resources */ = {isa = PBXBuildFile; fileRef = 426A89A61BFF22DE00249AF1 /* LaunchScreen.storyboard */; };
		426A89B01BFF256500249AF1 /* ThirdViewController.swift in Sources */ = {isa = PBXBuildFile; fileRef = 426A89AF1BFF256500249AF1 /* ThirdViewController.swift */; };
		426A89B21BFF257200249AF1 /* FourthViewController.swift in Sources */ = {isa = PBXBuildFile; fileRef = 426A89B11BFF257200249AF1 /* FourthViewController.swift */; };
		426A89B41BFF257E00249AF1 /* FifthViewController.swift in Sources */ = {isa = PBXBuildFile; fileRef = 426A89B31BFF257E00249AF1 /* FifthViewController.swift */; };
		426A89B61BFF315300249AF1 /* Social.framework in Frameworks */ = {isa = PBXBuildFile; fileRef = 426A89B51BFF315300249AF1 /* Social.framework */; };
		426A89B81BFF315800249AF1 /* Accounts.framework in Frameworks */ = {isa = PBXBuildFile; fileRef = 426A89B71BFF315800249AF1 /* Accounts.framework */; };
		426A89BA1BFF316200249AF1 /* libsqlite3.tbd in Frameworks */ = {isa = PBXBuildFile; fileRef = 426A89B91BFF316200249AF1 /* libsqlite3.tbd */; };
		426A89BC1BFF316C00249AF1 /* libz.tbd in Frameworks */ = {isa = PBXBuildFile; fileRef = 426A89BB1BFF316C00249AF1 /* libz.tbd */; };
		426A89BE1BFF317600249AF1 /* SystemConfiguration.framework in Frameworks */ = {isa = PBXBuildFile; fileRef = 426A89BD1BFF317600249AF1 /* SystemConfiguration.framework */; };
		426A89C21BFF318700249AF1 /* Security.framework in Frameworks */ = {isa = PBXBuildFile; fileRef = 426A89C11BFF318700249AF1 /* Security.framework */; };
		426A89C41BFF318C00249AF1 /* QuartzCore.framework in Frameworks */ = {isa = PBXBuildFile; fileRef = 426A89C31BFF318C00249AF1 /* QuartzCore.framework */; };
		426A89C61BFF319400249AF1 /* CoreLocation.framework in Frameworks */ = {isa = PBXBuildFile; fileRef = 426A89C51BFF319400249AF1 /* CoreLocation.framework */; };
		426A89C81BFF319900249AF1 /* CoreGraphics.framework in Frameworks */ = {isa = PBXBuildFile; fileRef = 426A89C71BFF319900249AF1 /* CoreGraphics.framework */; };
		426A89CA1BFF31A100249AF1 /* CFNetwork.framework in Frameworks */ = {isa = PBXBuildFile; fileRef = 426A89C91BFF31A100249AF1 /* CFNetwork.framework */; };
		426A89CC1BFF31A500249AF1 /* AudioToolbox.framework in Frameworks */ = {isa = PBXBuildFile; fileRef = 426A89CB1BFF31A500249AF1 /* AudioToolbox.framework */; };
		426A89E11BFF35FB00249AF1 /* WelcomeViewController.swift in Sources */ = {isa = PBXBuildFile; fileRef = 426A89E01BFF35FB00249AF1 /* WelcomeViewController.swift */; };
		426A89E41BFF361F00249AF1 /* LoginViewController.swift in Sources */ = {isa = PBXBuildFile; fileRef = 426A89E21BFF361F00249AF1 /* LoginViewController.swift */; };
		426A89E51BFF361F00249AF1 /* RegisterViewController.swift in Sources */ = {isa = PBXBuildFile; fileRef = 426A89E31BFF361F00249AF1 /* RegisterViewController.swift */; };
		426A89EB1BFF3A7A00249AF1 /* ProgressHUD.m in Sources */ = {isa = PBXBuildFile; fileRef = 426A89E91BFF3A7A00249AF1 /* ProgressHUD.m */; };
		426A8A261BFF5ECB00249AF1 /* Utilities.swift in Sources */ = {isa = PBXBuildFile; fileRef = 426A8A211BFF5ECB00249AF1 /* Utilities.swift */; };
		426A8A281BFF5ECB00249AF1 /* PushNotification.swift in Sources */ = {isa = PBXBuildFile; fileRef = 426A8A231BFF5ECB00249AF1 /* PushNotification.swift */; };
		426A8A2B1BFF5EF100249AF1 /* Constants.swift in Sources */ = {isa = PBXBuildFile; fileRef = 426A8A2A1BFF5EF100249AF1 /* Constants.swift */; };
		426A8A301BFF60DA00249AF1 /* FBAudienceNetwork.framework in Frameworks */ = {isa = PBXBuildFile; fileRef = 426A8A2D1BFF60DA00249AF1 /* FBAudienceNetwork.framework */; };
		426A8A3D1BFF66CF00249AF1 /* Images.swift in Sources */ = {isa = PBXBuildFile; fileRef = 426A8A3C1BFF66CF00249AF1 /* Images.swift */; };
		426A8A441BFF6B3100249AF1 /* Alamofire.framework in Frameworks */ = {isa = PBXBuildFile; fileRef = 426A8A431BFF6B3100249AF1 /* Alamofire.framework */; };
		426A8A451BFF6B3100249AF1 /* Alamofire.framework in Embed Frameworks */ = {isa = PBXBuildFile; fileRef = 426A8A431BFF6B3100249AF1 /* Alamofire.framework */; settings = {ATTRIBUTES = (CodeSignOnCopy, RemoveHeadersOnCopy, ); }; };
		426A8A471BFF6BB400249AF1 /* FacebookSDK.framework in Frameworks */ = {isa = PBXBuildFile; fileRef = 426A8A461BFF6BB400249AF1 /* FacebookSDK.framework */; };
		429972391C0377C300C4FE60 /* FirstDetailViewController.swift in Sources */ = {isa = PBXBuildFile; fileRef = 429972381C0377C300C4FE60 /* FirstDetailViewController.swift */; };
		42B0667F1C04BF950048244B /* SearchViewController.swift in Sources */ = {isa = PBXBuildFile; fileRef = 42B0667E1C04BF940048244B /* SearchViewController.swift */; };
		42B066831C04C4500048244B /* SearchCell.swift in Sources */ = {isa = PBXBuildFile; fileRef = 42B066821C04C4500048244B /* SearchCell.swift */; };
/* End PBXBuildFile section */

/* Begin PBXContainerItemProxy section */
		426A8A381BFF660C00249AF1 /* PBXContainerItemProxy */ = {
			isa = PBXContainerItemProxy;
			containerPortal = 426A8A331BFF660B00249AF1 /* iOS Example.xcodeproj */;
			proxyType = 2;
			remoteGlobalIDString = F8111E0519A951050040E7D1;
			remoteInfo = "iOS Example";
		};
/* End PBXContainerItemProxy section */

/* Begin PBXCopyFilesBuildPhase section */
		426A8A1C1BFF5A1100249AF1 /* Embed PlugIns */ = {
			isa = PBXCopyFilesBuildPhase;
			buildActionMask = 2147483647;
			dstPath = "";
			dstSubfolderSpec = 13;
			files = (
			);
			name = "Embed PlugIns";
			runOnlyForDeploymentPostprocessing = 0;
		};
		426A8A421BFF68FC00249AF1 /* Embed Frameworks */ = {
			isa = PBXCopyFilesBuildPhase;
			buildActionMask = 2147483647;
			dstPath = "";
			dstSubfolderSpec = 10;
			files = (
				426A8A451BFF6B3100249AF1 /* Alamofire.framework in Embed Frameworks */,
			);
			name = "Embed Frameworks";
			runOnlyForDeploymentPostprocessing = 0;
		};
/* End PBXCopyFilesBuildPhase section */

/* Begin PBXFileReference section */
		4205259A1C0C425A001F9C95 /* ToDoViewController.swift */ = {isa = PBXFileReference; fileEncoding = 4; lastKnownFileType = sourcecode.swift; path = ToDoViewController.swift; sourceTree = "<group>"; };
		4205259D1C0C44CC001F9C95 /* IngredHeadCell.swift */ = {isa = PBXFileReference; fileEncoding = 4; lastKnownFileType = sourcecode.swift; path = IngredHeadCell.swift; sourceTree = "<group>"; };
		4205259F1C0C44EE001F9C95 /* IngredCell.swift */ = {isa = PBXFileReference; fileEncoding = 4; lastKnownFileType = sourcecode.swift; path = IngredCell.swift; sourceTree = "<group>"; };
		420525A11C0C999A001F9C95 /* CheckBox.swift */ = {isa = PBXFileReference; fileEncoding = 4; lastKnownFileType = sourcecode.swift; path = CheckBox.swift; sourceTree = "<group>"; };
		420F62381C084F6800505B4D /* ThirdSubCatRecViewController.swift */ = {isa = PBXFileReference; fileEncoding = 4; lastKnownFileType = sourcecode.swift; path = ThirdSubCatRecViewController.swift; sourceTree = "<group>"; };
		420F623D1C08766D00505B4D /* FBSDKLoginKit.framework */ = {isa = PBXFileReference; lastKnownFileType = wrapper.framework; path = FBSDKLoginKit.framework; sourceTree = "<group>"; };
		420F62421C088F3600505B4D /* Bolts.framework */ = {isa = PBXFileReference; lastKnownFileType = wrapper.framework; path = Bolts.framework; sourceTree = "<group>"; };
		420F62431C088F3600505B4D /* Parse.framework */ = {isa = PBXFileReference; lastKnownFileType = wrapper.framework; path = Parse.framework; sourceTree = "<group>"; };
		420F62441C088F3600505B4D /* ParseFacebookUtilsV4.framework */ = {isa = PBXFileReference; lastKnownFileType = wrapper.framework; path = ParseFacebookUtilsV4.framework; sourceTree = "<group>"; };
		420F62481C088F6A00505B4D /* ParseUI.framework */ = {isa = PBXFileReference; lastKnownFileType = wrapper.framework; path = ParseUI.framework; sourceTree = "<group>"; };
		420F624A1C0892C400505B4D /* ProtectedPageViewController.swift */ = {isa = PBXFileReference; fileEncoding = 4; lastKnownFileType = sourcecode.swift; path = ProtectedPageViewController.swift; sourceTree = "<group>"; };
		420F62501C08B6E000505B4D /* ToDoRecCell.swift */ = {isa = PBXFileReference; fileEncoding = 4; lastKnownFileType = sourcecode.swift; path = ToDoRecCell.swift; sourceTree = "<group>"; };
		421243001C005F910044A5CD /* FBSDKCoreKit.framework */ = {isa = PBXFileReference; lastKnownFileType = wrapper.framework; path = FBSDKCoreKit.framework; sourceTree = "<group>"; };
		421809E01C071FC900A627FC /* CategorySearchViewController.swift */ = {isa = PBXFileReference; fileEncoding = 4; lastKnownFileType = sourcecode.swift; path = CategorySearchViewController.swift; sourceTree = "<group>"; };
		421809E31C07221C00A627FC /* SecondSubCatDetailViewController.swift */ = {isa = PBXFileReference; fileEncoding = 4; lastKnownFileType = sourcecode.swift; path = SecondSubCatDetailViewController.swift; sourceTree = "<group>"; };
		4222839C1C05A5910050BE7B /* CAPSPageMenu.swift */ = {isa = PBXFileReference; fileEncoding = 4; lastKnownFileType = sourcecode.swift; path = CAPSPageMenu.swift; sourceTree = "<group>"; };
		422283A01C05A7E00050BE7B /* InfoViewController.swift */ = {isa = PBXFileReference; fileEncoding = 4; lastKnownFileType = sourcecode.swift; path = InfoViewController.swift; sourceTree = "<group>"; };
		422283A21C05A7F70050BE7B /* IngredientViewController.swift */ = {isa = PBXFileReference; fileEncoding = 4; lastKnownFileType = sourcecode.swift; path = IngredientViewController.swift; sourceTree = "<group>"; };
		422283A41C05A8060050BE7B /* InstructionsViewController.swift */ = {isa = PBXFileReference; fileEncoding = 4; lastKnownFileType = sourcecode.swift; path = InstructionsViewController.swift; sourceTree = "<group>"; };
		422283A61C05A81A0050BE7B /* InfoViewController.xib */ = {isa = PBXFileReference; fileEncoding = 4; lastKnownFileType = file.xib; path = InfoViewController.xib; sourceTree = "<group>"; };
		422283A81C05A8440050BE7B /* IngredientViewController.xib */ = {isa = PBXFileReference; fileEncoding = 4; lastKnownFileType = file.xib; path = IngredientViewController.xib; sourceTree = "<group>"; };
		422283AA1C05A8570050BE7B /* InstructionsViewController.xib */ = {isa = PBXFileReference; fileEncoding = 4; lastKnownFileType = file.xib; path = InstructionsViewController.xib; sourceTree = "<group>"; };
		423FBD311C20536000159A96 /* Api.swift */ = {isa = PBXFileReference; fileEncoding = 4; lastKnownFileType = sourcecode.swift; path = Api.swift; sourceTree = "<group>"; };
		423FBD341C20539100159A96 /* Config.plist */ = {isa = PBXFileReference; fileEncoding = 4; lastKnownFileType = text.plist.xml; path = Config.plist; sourceTree = "<group>"; };
		4252151B1C05BE4C00D2C712 /* InfoCell.xib */ = {isa = PBXFileReference; fileEncoding = 4; lastKnownFileType = file.xib; path = InfoCell.xib; sourceTree = "<group>"; };
		4252151E1C05BE7200D2C712 /* InfoCell.swift */ = {isa = PBXFileReference; fileEncoding = 4; lastKnownFileType = sourcecode.swift; path = InfoCell.swift; sourceTree = "<group>"; };
		425215201C05C00300D2C712 /* InstructionCell.swift */ = {isa = PBXFileReference; fileEncoding = 4; lastKnownFileType = sourcecode.swift; path = InstructionCell.swift; sourceTree = "<group>"; };
		425215221C05C02800D2C712 /* InstructionCell.xib */ = {isa = PBXFileReference; fileEncoding = 4; lastKnownFileType = file.xib; path = InstructionCell.xib; sourceTree = "<group>"; };
		425215241C05F3A100D2C712 /* IngredientCell.xib */ = {isa = PBXFileReference; fileEncoding = 4; lastKnownFileType = file.xib; path = IngredientCell.xib; sourceTree = "<group>"; };
		425215261C05F3DA00D2C712 /* IngredientCell.swift */ = {isa = PBXFileReference; fileEncoding = 4; lastKnownFileType = sourcecode.swift; path = IngredientCell.swift; sourceTree = "<group>"; };
		425215291C061B4800D2C712 /* MKAnnotationView+WebCache.h */ = {isa = PBXFileReference; fileEncoding = 4; lastKnownFileType = sourcecode.c.h; path = "MKAnnotationView+WebCache.h"; sourceTree = "<group>"; };
		4252152A1C061B4800D2C712 /* MKAnnotationView+WebCache.m */ = {isa = PBXFileReference; fileEncoding = 4; lastKnownFileType = sourcecode.c.objc; path = "MKAnnotationView+WebCache.m"; sourceTree = "<group>"; };
		4252152B1C061B4800D2C712 /* NSData+ImageContentType.h */ = {isa = PBXFileReference; fileEncoding = 4; lastKnownFileType = sourcecode.c.h; path = "NSData+ImageContentType.h"; sourceTree = "<group>"; };
		4252152C1C061B4800D2C712 /* NSData+ImageContentType.m */ = {isa = PBXFileReference; fileEncoding = 4; lastKnownFileType = sourcecode.c.objc; path = "NSData+ImageContentType.m"; sourceTree = "<group>"; };
		4252152D1C061B4800D2C712 /* SDImageCache.h */ = {isa = PBXFileReference; fileEncoding = 4; lastKnownFileType = sourcecode.c.h; path = SDImageCache.h; sourceTree = "<group>"; };
		4252152E1C061B4800D2C712 /* SDImageCache.m */ = {isa = PBXFileReference; fileEncoding = 4; lastKnownFileType = sourcecode.c.objc; path = SDImageCache.m; sourceTree = "<group>"; };
		4252152F1C061B4800D2C712 /* SDWebImageCompat.h */ = {isa = PBXFileReference; fileEncoding = 4; lastKnownFileType = sourcecode.c.h; path = SDWebImageCompat.h; sourceTree = "<group>"; };
		425215301C061B4800D2C712 /* SDWebImageCompat.m */ = {isa = PBXFileReference; fileEncoding = 4; lastKnownFileType = sourcecode.c.objc; path = SDWebImageCompat.m; sourceTree = "<group>"; };
		425215311C061B4800D2C712 /* SDWebImageDecoder.h */ = {isa = PBXFileReference; fileEncoding = 4; lastKnownFileType = sourcecode.c.h; path = SDWebImageDecoder.h; sourceTree = "<group>"; };
		425215321C061B4800D2C712 /* SDWebImageDecoder.m */ = {isa = PBXFileReference; fileEncoding = 4; lastKnownFileType = sourcecode.c.objc; path = SDWebImageDecoder.m; sourceTree = "<group>"; };
		425215331C061B4800D2C712 /* SDWebImageDownloader.h */ = {isa = PBXFileReference; fileEncoding = 4; lastKnownFileType = sourcecode.c.h; path = SDWebImageDownloader.h; sourceTree = "<group>"; };
		425215341C061B4800D2C712 /* SDWebImageDownloader.m */ = {isa = PBXFileReference; fileEncoding = 4; lastKnownFileType = sourcecode.c.objc; path = SDWebImageDownloader.m; sourceTree = "<group>"; };
		425215351C061B4800D2C712 /* SDWebImageDownloaderOperation.h */ = {isa = PBXFileReference; fileEncoding = 4; lastKnownFileType = sourcecode.c.h; path = SDWebImageDownloaderOperation.h; sourceTree = "<group>"; };
		425215361C061B4800D2C712 /* SDWebImageDownloaderOperation.m */ = {isa = PBXFileReference; fileEncoding = 4; lastKnownFileType = sourcecode.c.objc; path = SDWebImageDownloaderOperation.m; sourceTree = "<group>"; };
		425215371C061B4800D2C712 /* SDWebImageManager.h */ = {isa = PBXFileReference; fileEncoding = 4; lastKnownFileType = sourcecode.c.h; path = SDWebImageManager.h; sourceTree = "<group>"; };
		425215381C061B4800D2C712 /* SDWebImageManager.m */ = {isa = PBXFileReference; fileEncoding = 4; lastKnownFileType = sourcecode.c.objc; path = SDWebImageManager.m; sourceTree = "<group>"; };
		425215391C061B4800D2C712 /* SDWebImageOperation.h */ = {isa = PBXFileReference; fileEncoding = 4; lastKnownFileType = sourcecode.c.h; path = SDWebImageOperation.h; sourceTree = "<group>"; };
		4252153A1C061B4800D2C712 /* SDWebImagePrefetcher.h */ = {isa = PBXFileReference; fileEncoding = 4; lastKnownFileType = sourcecode.c.h; path = SDWebImagePrefetcher.h; sourceTree = "<group>"; };
		4252153B1C061B4800D2C712 /* SDWebImagePrefetcher.m */ = {isa = PBXFileReference; fileEncoding = 4; lastKnownFileType = sourcecode.c.objc; path = SDWebImagePrefetcher.m; sourceTree = "<group>"; };
		4252153C1C061B4800D2C712 /* UIButton+WebCache.h */ = {isa = PBXFileReference; fileEncoding = 4; lastKnownFileType = sourcecode.c.h; path = "UIButton+WebCache.h"; sourceTree = "<group>"; };
		4252153D1C061B4800D2C712 /* UIButton+WebCache.m */ = {isa = PBXFileReference; fileEncoding = 4; lastKnownFileType = sourcecode.c.objc; path = "UIButton+WebCache.m"; sourceTree = "<group>"; };
		4252153E1C061B4800D2C712 /* UIImage+GIF.h */ = {isa = PBXFileReference; fileEncoding = 4; lastKnownFileType = sourcecode.c.h; path = "UIImage+GIF.h"; sourceTree = "<group>"; };
		4252153F1C061B4800D2C712 /* UIImage+GIF.m */ = {isa = PBXFileReference; fileEncoding = 4; lastKnownFileType = sourcecode.c.objc; path = "UIImage+GIF.m"; sourceTree = "<group>"; };
		425215401C061B4800D2C712 /* UIImage+MultiFormat.h */ = {isa = PBXFileReference; fileEncoding = 4; lastKnownFileType = sourcecode.c.h; path = "UIImage+MultiFormat.h"; sourceTree = "<group>"; };
		425215411C061B4800D2C712 /* UIImage+MultiFormat.m */ = {isa = PBXFileReference; fileEncoding = 4; lastKnownFileType = sourcecode.c.objc; path = "UIImage+MultiFormat.m"; sourceTree = "<group>"; };
		425215421C061B4800D2C712 /* UIImage+WebP.h */ = {isa = PBXFileReference; fileEncoding = 4; lastKnownFileType = sourcecode.c.h; path = "UIImage+WebP.h"; sourceTree = "<group>"; };
		425215431C061B4800D2C712 /* UIImage+WebP.m */ = {isa = PBXFileReference; fileEncoding = 4; lastKnownFileType = sourcecode.c.objc; path = "UIImage+WebP.m"; sourceTree = "<group>"; };
		425215441C061B4800D2C712 /* UIImageView+HighlightedWebCache.h */ = {isa = PBXFileReference; fileEncoding = 4; lastKnownFileType = sourcecode.c.h; path = "UIImageView+HighlightedWebCache.h"; sourceTree = "<group>"; };
		425215451C061B4800D2C712 /* UIImageView+HighlightedWebCache.m */ = {isa = PBXFileReference; fileEncoding = 4; lastKnownFileType = sourcecode.c.objc; path = "UIImageView+HighlightedWebCache.m"; sourceTree = "<group>"; };
		425215461C061B4800D2C712 /* UIImageView+WebCache.h */ = {isa = PBXFileReference; fileEncoding = 4; lastKnownFileType = sourcecode.c.h; path = "UIImageView+WebCache.h"; sourceTree = "<group>"; };
		425215471C061B4800D2C712 /* UIImageView+WebCache.m */ = {isa = PBXFileReference; fileEncoding = 4; lastKnownFileType = sourcecode.c.objc; path = "UIImageView+WebCache.m"; sourceTree = "<group>"; };
		425215481C061B4800D2C712 /* UIView+WebCacheOperation.h */ = {isa = PBXFileReference; fileEncoding = 4; lastKnownFileType = sourcecode.c.h; path = "UIView+WebCacheOperation.h"; sourceTree = "<group>"; };
		425215491C061B4800D2C712 /* UIView+WebCacheOperation.m */ = {isa = PBXFileReference; fileEncoding = 4; lastKnownFileType = sourcecode.c.objc; path = "UIView+WebCacheOperation.m"; sourceTree = "<group>"; };
		425D21C61C04535100B381FC /* TodayRecipe.swift */ = {isa = PBXFileReference; fileEncoding = 4; lastKnownFileType = sourcecode.swift; path = TodayRecipe.swift; sourceTree = "<group>"; };
		425D21C81C04571C00B381FC /* TodayRecipe.xib */ = {isa = PBXFileReference; fileEncoding = 4; lastKnownFileType = file.xib; path = TodayRecipe.xib; sourceTree = "<group>"; };
		425D21CC1C0472F100B381FC /* VideoCell.swift */ = {isa = PBXFileReference; fileEncoding = 4; lastKnownFileType = sourcecode.swift; path = VideoCell.swift; sourceTree = "<group>"; };
		425D21CE1C047F0500B381FC /* Helpers.swift */ = {isa = PBXFileReference; fileEncoding = 4; lastKnownFileType = sourcecode.swift; path = Helpers.swift; sourceTree = "<group>"; };
		426A89981BFF22DE00249AF1 /* Recipe.app */ = {isa = PBXFileReference; explicitFileType = wrapper.application; includeInIndex = 0; path = Recipe.app; sourceTree = BUILT_PRODUCTS_DIR; };
		426A899B1BFF22DE00249AF1 /* AppDelegate.swift */ = {isa = PBXFileReference; lastKnownFileType = sourcecode.swift; path = AppDelegate.swift; sourceTree = "<group>"; };
		426A899D1BFF22DE00249AF1 /* FirstViewController.swift */ = {isa = PBXFileReference; lastKnownFileType = sourcecode.swift; path = FirstViewController.swift; sourceTree = "<group>"; };
		426A899F1BFF22DE00249AF1 /* SecondViewController.swift */ = {isa = PBXFileReference; lastKnownFileType = sourcecode.swift; path = SecondViewController.swift; sourceTree = "<group>"; };
		426A89A21BFF22DE00249AF1 /* Base */ = {isa = PBXFileReference; lastKnownFileType = file.storyboard; name = Base; path = Base.lproj/Main.storyboard; sourceTree = "<group>"; };
		426A89A41BFF22DE00249AF1 /* Assets.xcassets */ = {isa = PBXFileReference; lastKnownFileType = folder.assetcatalog; path = Assets.xcassets; sourceTree = "<group>"; };
		426A89A71BFF22DE00249AF1 /* Base */ = {isa = PBXFileReference; lastKnownFileType = file.storyboard; name = Base; path = Base.lproj/LaunchScreen.storyboard; sourceTree = "<group>"; };
		426A89A91BFF22DE00249AF1 /* Info.plist */ = {isa = PBXFileReference; lastKnownFileType = text.plist.xml; path = Info.plist; sourceTree = "<group>"; };
		426A89AF1BFF256500249AF1 /* ThirdViewController.swift */ = {isa = PBXFileReference; fileEncoding = 4; lastKnownFileType = sourcecode.swift; path = ThirdViewController.swift; sourceTree = "<group>"; };
		426A89B11BFF257200249AF1 /* FourthViewController.swift */ = {isa = PBXFileReference; fileEncoding = 4; lastKnownFileType = sourcecode.swift; path = FourthViewController.swift; sourceTree = "<group>"; };
		426A89B31BFF257E00249AF1 /* FifthViewController.swift */ = {isa = PBXFileReference; fileEncoding = 4; lastKnownFileType = sourcecode.swift; path = FifthViewController.swift; sourceTree = "<group>"; };
		426A89B51BFF315300249AF1 /* Social.framework */ = {isa = PBXFileReference; lastKnownFileType = wrapper.framework; name = Social.framework; path = System/Library/Frameworks/Social.framework; sourceTree = SDKROOT; };
		426A89B71BFF315800249AF1 /* Accounts.framework */ = {isa = PBXFileReference; lastKnownFileType = wrapper.framework; name = Accounts.framework; path = System/Library/Frameworks/Accounts.framework; sourceTree = SDKROOT; };
		426A89B91BFF316200249AF1 /* libsqlite3.tbd */ = {isa = PBXFileReference; lastKnownFileType = "sourcecode.text-based-dylib-definition"; name = libsqlite3.tbd; path = usr/lib/libsqlite3.tbd; sourceTree = SDKROOT; };
		426A89BB1BFF316C00249AF1 /* libz.tbd */ = {isa = PBXFileReference; lastKnownFileType = "sourcecode.text-based-dylib-definition"; name = libz.tbd; path = usr/lib/libz.tbd; sourceTree = SDKROOT; };
		426A89BD1BFF317600249AF1 /* SystemConfiguration.framework */ = {isa = PBXFileReference; lastKnownFileType = wrapper.framework; name = SystemConfiguration.framework; path = System/Library/Frameworks/SystemConfiguration.framework; sourceTree = SDKROOT; };
		426A89C11BFF318700249AF1 /* Security.framework */ = {isa = PBXFileReference; lastKnownFileType = wrapper.framework; name = Security.framework; path = System/Library/Frameworks/Security.framework; sourceTree = SDKROOT; };
		426A89C31BFF318C00249AF1 /* QuartzCore.framework */ = {isa = PBXFileReference; lastKnownFileType = wrapper.framework; name = QuartzCore.framework; path = System/Library/Frameworks/QuartzCore.framework; sourceTree = SDKROOT; };
		426A89C51BFF319400249AF1 /* CoreLocation.framework */ = {isa = PBXFileReference; lastKnownFileType = wrapper.framework; name = CoreLocation.framework; path = System/Library/Frameworks/CoreLocation.framework; sourceTree = SDKROOT; };
		426A89C71BFF319900249AF1 /* CoreGraphics.framework */ = {isa = PBXFileReference; lastKnownFileType = wrapper.framework; name = CoreGraphics.framework; path = System/Library/Frameworks/CoreGraphics.framework; sourceTree = SDKROOT; };
		426A89C91BFF31A100249AF1 /* CFNetwork.framework */ = {isa = PBXFileReference; lastKnownFileType = wrapper.framework; name = CFNetwork.framework; path = System/Library/Frameworks/CFNetwork.framework; sourceTree = SDKROOT; };
		426A89CB1BFF31A500249AF1 /* AudioToolbox.framework */ = {isa = PBXFileReference; lastKnownFileType = wrapper.framework; name = AudioToolbox.framework; path = System/Library/Frameworks/AudioToolbox.framework; sourceTree = SDKROOT; };
		426A89CD1BFF328600249AF1 /* libParse.a */ = {isa = PBXFileReference; lastKnownFileType = archive.ar; name = libParse.a; path = "Pods/../build/Debug-iphoneos/libParse.a"; sourceTree = "<group>"; };
		426A89CF1BFF328900249AF1 /* libBolts.a */ = {isa = PBXFileReference; lastKnownFileType = archive.ar; name = libBolts.a; path = "Pods/../build/Debug-iphoneos/libBolts.a"; sourceTree = "<group>"; };
		426A89E01BFF35FB00249AF1 /* WelcomeViewController.swift */ = {isa = PBXFileReference; fileEncoding = 4; lastKnownFileType = sourcecode.swift; path = WelcomeViewController.swift; sourceTree = "<group>"; };
		426A89E21BFF361F00249AF1 /* LoginViewController.swift */ = {isa = PBXFileReference; fileEncoding = 4; lastKnownFileType = sourcecode.swift; path = LoginViewController.swift; sourceTree = "<group>"; };
		426A89E31BFF361F00249AF1 /* RegisterViewController.swift */ = {isa = PBXFileReference; fileEncoding = 4; lastKnownFileType = sourcecode.swift; path = RegisterViewController.swift; sourceTree = "<group>"; };
		426A89E81BFF3A7A00249AF1 /* ProgressHUD.h */ = {isa = PBXFileReference; fileEncoding = 4; lastKnownFileType = sourcecode.c.h; path = ProgressHUD.h; sourceTree = "<group>"; };
		426A89E91BFF3A7A00249AF1 /* ProgressHUD.m */ = {isa = PBXFileReference; fileEncoding = 4; lastKnownFileType = sourcecode.c.objc; path = ProgressHUD.m; sourceTree = "<group>"; };
		426A89EC1BFF3B0500249AF1 /* Alamofire.framework */ = {isa = PBXFileReference; lastKnownFileType = wrapper.framework; name = Alamofire.framework; path = "Pods/../build/Debug-iphoneos/Alamofire.framework"; sourceTree = "<group>"; };
		426A89F31BFF53FE00249AF1 /* Alamofire.framework */ = {isa = PBXFileReference; lastKnownFileType = wrapper.framework; name = Alamofire.framework; path = "Pods/../build/Debug-iphoneos/Alamofire.framework"; sourceTree = "<group>"; };
		426A89F51BFF54B500249AF1 /* Alamofire.framework */ = {isa = PBXFileReference; lastKnownFileType = wrapper.framework; name = Alamofire.framework; path = "Pods/../build/Debug-iphoneos/Alamofire.framework"; sourceTree = "<group>"; };
		426A89F71BFF575800249AF1 /* Alamofire.framework */ = {isa = PBXFileReference; lastKnownFileType = wrapper.framework; name = Alamofire.framework; path = "Pods/../build/Debug-iphoneos/Alamofire.framework"; sourceTree = "<group>"; };
		426A8A1E1BFF5AF400249AF1 /* Recipe-Bridging-Header.h */ = {isa = PBXFileReference; fileEncoding = 4; lastKnownFileType = sourcecode.c.h; path = "Recipe-Bridging-Header.h"; sourceTree = "<group>"; };
		426A8A211BFF5ECB00249AF1 /* Utilities.swift */ = {isa = PBXFileReference; fileEncoding = 4; lastKnownFileType = sourcecode.swift; path = Utilities.swift; sourceTree = "<group>"; };
		426A8A231BFF5ECB00249AF1 /* PushNotification.swift */ = {isa = PBXFileReference; fileEncoding = 4; lastKnownFileType = sourcecode.swift; path = PushNotification.swift; sourceTree = "<group>"; };
		426A8A2A1BFF5EF100249AF1 /* Constants.swift */ = {isa = PBXFileReference; fileEncoding = 4; lastKnownFileType = sourcecode.swift; path = Constants.swift; sourceTree = "<group>"; };
		426A8A2D1BFF60DA00249AF1 /* FBAudienceNetwork.framework */ = {isa = PBXFileReference; lastKnownFileType = wrapper.framework; path = FBAudienceNetwork.framework; sourceTree = "<group>"; };
		426A8A331BFF660B00249AF1 /* iOS Example.xcodeproj */ = {isa = PBXFileReference; lastKnownFileType = "wrapper.pb-project"; name = "iOS Example.xcodeproj"; path = "../../../Downloads/iosProjectsAndLibs/Alamofire-master/iOS Example.xcodeproj"; sourceTree = "<group>"; };
		426A8A3A1BFF668A00249AF1 /* Alamofire.framework */ = {isa = PBXFileReference; lastKnownFileType = wrapper.framework; name = Alamofire.framework; path = "../../../Downloads/iosProjectsAndLibs/Alamofire-master/build/Debug-iphoneos/Alamofire.framework"; sourceTree = "<group>"; };
		426A8A3C1BFF66CF00249AF1 /* Images.swift */ = {isa = PBXFileReference; fileEncoding = 4; lastKnownFileType = sourcecode.swift; path = Images.swift; sourceTree = "<group>"; };
		426A8A431BFF6B3100249AF1 /* Alamofire.framework */ = {isa = PBXFileReference; explicitFileType = wrapper.framework; name = Alamofire.framework; path = "/Users/Programmer/Library/Developer/Xcode/DerivedData/Recipe-dfwmdzcgizvnplafcqghkyrgzekp/Build/Products/Debug-iphoneos/Alamofire.framework"; sourceTree = "<absolute>"; };
		426A8A461BFF6BB400249AF1 /* FacebookSDK.framework */ = {isa = PBXFileReference; lastKnownFileType = wrapper.framework; path = FacebookSDK.framework; sourceTree = "<group>"; };
		429972381C0377C300C4FE60 /* FirstDetailViewController.swift */ = {isa = PBXFileReference; fileEncoding = 4; lastKnownFileType = sourcecode.swift; path = FirstDetailViewController.swift; sourceTree = "<group>"; };
		42B0667E1C04BF940048244B /* SearchViewController.swift */ = {isa = PBXFileReference; fileEncoding = 4; lastKnownFileType = sourcecode.swift; path = SearchViewController.swift; sourceTree = "<group>"; };
		42B066821C04C4500048244B /* SearchCell.swift */ = {isa = PBXFileReference; fileEncoding = 4; lastKnownFileType = sourcecode.swift; path = SearchCell.swift; sourceTree = "<group>"; };
		D9A30AFD14CD66E3404A37D1 /* libPods-Recipe.a */ = {isa = PBXFileReference; explicitFileType = archive.ar; includeInIndex = 0; path = "libPods-Recipe.a"; sourceTree = BUILT_PRODUCTS_DIR; };
		DC54DB9E0F5F77CEA70DB98E /* Pods.framework */ = {isa = PBXFileReference; explicitFileType = wrapper.framework; includeInIndex = 0; path = Pods.framework; sourceTree = BUILT_PRODUCTS_DIR; };
/* End PBXFileReference section */

/* Begin PBXFrameworksBuildPhase section */
		426A89951BFF22DE00249AF1 /* Frameworks */ = {
			isa = PBXFrameworksBuildPhase;
			buildActionMask = 2147483647;
			files = (
				426A89CC1BFF31A500249AF1 /* AudioToolbox.framework in Frameworks */,
				421243011C005F910044A5CD /* FBSDKCoreKit.framework in Frameworks */,
				420F62491C088F6A00505B4D /* ParseUI.framework in Frameworks */,
				420F62471C088F3600505B4D /* ParseFacebookUtilsV4.framework in Frameworks */,
				426A8A441BFF6B3100249AF1 /* Alamofire.framework in Frameworks */,
				426A89CA1BFF31A100249AF1 /* CFNetwork.framework in Frameworks */,
				426A89C81BFF319900249AF1 /* CoreGraphics.framework in Frameworks */,
				426A89C61BFF319400249AF1 /* CoreLocation.framework in Frameworks */,
				420F623E1C08766D00505B4D /* FBSDKLoginKit.framework in Frameworks */,
				426A89C41BFF318C00249AF1 /* QuartzCore.framework in Frameworks */,
				426A89C21BFF318700249AF1 /* Security.framework in Frameworks */,
				426A8A301BFF60DA00249AF1 /* FBAudienceNetwork.framework in Frameworks */,
				420F62461C088F3600505B4D /* Parse.framework in Frameworks */,
				426A89BE1BFF317600249AF1 /* SystemConfiguration.framework in Frameworks */,
				426A89BC1BFF316C00249AF1 /* libz.tbd in Frameworks */,
				420F62451C088F3600505B4D /* Bolts.framework in Frameworks */,
				426A89BA1BFF316200249AF1 /* libsqlite3.tbd in Frameworks */,
				426A89B81BFF315800249AF1 /* Accounts.framework in Frameworks */,
				426A89B61BFF315300249AF1 /* Social.framework in Frameworks */,
				426A8A471BFF6BB400249AF1 /* FacebookSDK.framework in Frameworks */,
			);
			runOnlyForDeploymentPostprocessing = 0;
		};
/* End PBXFrameworksBuildPhase section */

/* Begin PBXGroup section */
		420F62411C088F2500505B4D /* PARSE */ = {
			isa = PBXGroup;
			children = (
				420F62481C088F6A00505B4D /* ParseUI.framework */,
				420F62421C088F3600505B4D /* Bolts.framework */,
				420F62431C088F3600505B4D /* Parse.framework */,
				420F62441C088F3600505B4D /* ParseFacebookUtilsV4.framework */,
			);
			name = PARSE;
			sourceTree = "<group>";
		};
		4222839F1C05A6260050BE7B /* PageControllers */ = {
			isa = PBXGroup;
			children = (
				422283A01C05A7E00050BE7B /* InfoViewController.swift */,
				422283A21C05A7F70050BE7B /* IngredientViewController.swift */,
				422283A41C05A8060050BE7B /* InstructionsViewController.swift */,
				422283A61C05A81A0050BE7B /* InfoViewController.xib */,
				422283A81C05A8440050BE7B /* IngredientViewController.xib */,
				422283AA1C05A8570050BE7B /* InstructionsViewController.xib */,
			);
			name = PageControllers;
			sourceTree = "<group>";
		};
		425215281C061B4800D2C712 /* SDWebImage */ = {
			isa = PBXGroup;
			children = (
				425215291C061B4800D2C712 /* MKAnnotationView+WebCache.h */,
				4252152A1C061B4800D2C712 /* MKAnnotationView+WebCache.m */,
				4252152B1C061B4800D2C712 /* NSData+ImageContentType.h */,
				4252152C1C061B4800D2C712 /* NSData+ImageContentType.m */,
				4252152D1C061B4800D2C712 /* SDImageCache.h */,
				4252152E1C061B4800D2C712 /* SDImageCache.m */,
				4252152F1C061B4800D2C712 /* SDWebImageCompat.h */,
				425215301C061B4800D2C712 /* SDWebImageCompat.m */,
				425215311C061B4800D2C712 /* SDWebImageDecoder.h */,
				425215321C061B4800D2C712 /* SDWebImageDecoder.m */,
				425215331C061B4800D2C712 /* SDWebImageDownloader.h */,
				425215341C061B4800D2C712 /* SDWebImageDownloader.m */,
				425215351C061B4800D2C712 /* SDWebImageDownloaderOperation.h */,
				425215361C061B4800D2C712 /* SDWebImageDownloaderOperation.m */,
				425215371C061B4800D2C712 /* SDWebImageManager.h */,
				425215381C061B4800D2C712 /* SDWebImageManager.m */,
				425215391C061B4800D2C712 /* SDWebImageOperation.h */,
				4252153A1C061B4800D2C712 /* SDWebImagePrefetcher.h */,
				4252153B1C061B4800D2C712 /* SDWebImagePrefetcher.m */,
				4252153C1C061B4800D2C712 /* UIButton+WebCache.h */,
				4252153D1C061B4800D2C712 /* UIButton+WebCache.m */,
				4252153E1C061B4800D2C712 /* UIImage+GIF.h */,
				4252153F1C061B4800D2C712 /* UIImage+GIF.m */,
				425215401C061B4800D2C712 /* UIImage+MultiFormat.h */,
				425215411C061B4800D2C712 /* UIImage+MultiFormat.m */,
				425215421C061B4800D2C712 /* UIImage+WebP.h */,
				425215431C061B4800D2C712 /* UIImage+WebP.m */,
				425215441C061B4800D2C712 /* UIImageView+HighlightedWebCache.h */,
				425215451C061B4800D2C712 /* UIImageView+HighlightedWebCache.m */,
				425215461C061B4800D2C712 /* UIImageView+WebCache.h */,
				425215471C061B4800D2C712 /* UIImageView+WebCache.m */,
				425215481C061B4800D2C712 /* UIView+WebCacheOperation.h */,
				425215491C061B4800D2C712 /* UIView+WebCacheOperation.m */,
			);
			path = SDWebImage;
			sourceTree = "<group>";
		};
		425D21C41C0452F400B381FC /* Cells */ = {
			isa = PBXGroup;
			children = (
				425D21C61C04535100B381FC /* TodayRecipe.swift */,
				425D21C81C04571C00B381FC /* TodayRecipe.xib */,
				425D21CC1C0472F100B381FC /* VideoCell.swift */,
				42B066821C04C4500048244B /* SearchCell.swift */,
				4252151B1C05BE4C00D2C712 /* InfoCell.xib */,
				4252151E1C05BE7200D2C712 /* InfoCell.swift */,
				425215201C05C00300D2C712 /* InstructionCell.swift */,
				425215221C05C02800D2C712 /* InstructionCell.xib */,
				425215241C05F3A100D2C712 /* IngredientCell.xib */,
				425215261C05F3DA00D2C712 /* IngredientCell.swift */,
				420F62501C08B6E000505B4D /* ToDoRecCell.swift */,
				4205259D1C0C44CC001F9C95 /* IngredHeadCell.swift */,
				4205259F1C0C44EE001F9C95 /* IngredCell.swift */,
			);
			name = Cells;
			sourceTree = "<group>";
		};
		426A898F1BFF22DE00249AF1 = {
			isa = PBXGroup;
			children = (
				420F623D1C08766D00505B4D /* FBSDKLoginKit.framework */,
				421243001C005F910044A5CD /* FBSDKCoreKit.framework */,
				426A8A461BFF6BB400249AF1 /* FacebookSDK.framework */,
				426A8A431BFF6B3100249AF1 /* Alamofire.framework */,
				426A8A321BFF660100249AF1 /* Alamofire */,
				426A8A2D1BFF60DA00249AF1 /* FBAudienceNetwork.framework */,
				426A89E61BFF3A7A00249AF1 /* ProgressHUD */,
				426A89CB1BFF31A500249AF1 /* AudioToolbox.framework */,
				426A89C91BFF31A100249AF1 /* CFNetwork.framework */,
				426A89C71BFF319900249AF1 /* CoreGraphics.framework */,
				426A89C51BFF319400249AF1 /* CoreLocation.framework */,
				426A89C31BFF318C00249AF1 /* QuartzCore.framework */,
				426A89C11BFF318700249AF1 /* Security.framework */,
				426A89BD1BFF317600249AF1 /* SystemConfiguration.framework */,
				426A89BB1BFF316C00249AF1 /* libz.tbd */,
				426A89B91BFF316200249AF1 /* libsqlite3.tbd */,
				426A89B71BFF315800249AF1 /* Accounts.framework */,
				426A89B51BFF315300249AF1 /* Social.framework */,
				426A899A1BFF22DE00249AF1 /* Recipe */,
				426A89991BFF22DE00249AF1 /* Products */,
				6BE1DFAC8A8BCA85419EFEFB /* Frameworks */,
			);
			sourceTree = "<group>";
		};
		426A89991BFF22DE00249AF1 /* Products */ = {
			isa = PBXGroup;
			children = (
				426A89981BFF22DE00249AF1 /* Recipe.app */,
			);
			name = Products;
			sourceTree = "<group>";
		};
		426A899A1BFF22DE00249AF1 /* Recipe */ = {
			isa = PBXGroup;
			children = (
				420F62411C088F2500505B4D /* PARSE */,
				425215281C061B4800D2C712 /* SDWebImage */,
				4222839F1C05A6260050BE7B /* PageControllers */,
				42B0667D1C04BF590048244B /* SearchControllers */,
				42B0667C1C04BF1B0048244B /* MainControllers */,
				42B0667A1C04B0EE0048244B /* DetailControllers */,
				425D21C41C0452F400B381FC /* Cells */,
				426A8A3E1BFF688300249AF1 /* Resources */,
				426A8A1F1BFF5EB600249AF1 /* Utilities */,
				426A89E21BFF361F00249AF1 /* LoginViewController.swift */,
				420F624A1C0892C400505B4D /* ProtectedPageViewController.swift */,
				426A89E31BFF361F00249AF1 /* RegisterViewController.swift */,
				426A89E01BFF35FB00249AF1 /* WelcomeViewController.swift */,
				426A899B1BFF22DE00249AF1 /* AppDelegate.swift */,
				426A89A11BFF22DE00249AF1 /* Main.storyboard */,
				426A89A41BFF22DE00249AF1 /* Assets.xcassets */,
				426A89A61BFF22DE00249AF1 /* LaunchScreen.storyboard */,
				426A89A91BFF22DE00249AF1 /* Info.plist */,
				426A8A1E1BFF5AF400249AF1 /* Recipe-Bridging-Header.h */,
				423FBD341C20539100159A96 /* Config.plist */,
			);
			path = Recipe;
			sourceTree = "<group>";
		};
		426A89E61BFF3A7A00249AF1 /* ProgressHUD */ = {
			isa = PBXGroup;
			children = (
				426A89E81BFF3A7A00249AF1 /* ProgressHUD.h */,
				426A89E91BFF3A7A00249AF1 /* ProgressHUD.m */,
			);
			path = ProgressHUD;
			sourceTree = "<group>";
		};
		426A8A1F1BFF5EB600249AF1 /* Utilities */ = {
			isa = PBXGroup;
			children = (
				4222839C1C05A5910050BE7B /* CAPSPageMenu.swift */,
				426A8A3C1BFF66CF00249AF1 /* Images.swift */,
				426A8A2A1BFF5EF100249AF1 /* Constants.swift */,
				426A8A211BFF5ECB00249AF1 /* Utilities.swift */,
				426A8A231BFF5ECB00249AF1 /* PushNotification.swift */,
				425D21CE1C047F0500B381FC /* Helpers.swift */,
				420525A11C0C999A001F9C95 /* CheckBox.swift */,
				423FBD311C20536000159A96 /* Api.swift */,
			);
			name = Utilities;
			sourceTree = "<group>";
		};
		426A8A321BFF660100249AF1 /* Alamofire */ = {
			isa = PBXGroup;
			children = (
				426A8A331BFF660B00249AF1 /* iOS Example.xcodeproj */,
			);
			name = Alamofire;
			sourceTree = "<group>";
		};
		426A8A341BFF660B00249AF1 /* Products */ = {
			isa = PBXGroup;
			children = (
				426A8A391BFF660C00249AF1 /* iOS Example.app */,
			);
			name = Products;
			sourceTree = "<group>";
		};
		426A8A3E1BFF688300249AF1 /* Resources */ = {
			isa = PBXGroup;
			children = (
			);
			name = Resources;
			sourceTree = "<group>";
		};
		42B0667A1C04B0EE0048244B /* DetailControllers */ = {
			isa = PBXGroup;
			children = (
				429972381C0377C300C4FE60 /* FirstDetailViewController.swift */,
				421809E31C07221C00A627FC /* SecondSubCatDetailViewController.swift */,
				420F62381C084F6800505B4D /* ThirdSubCatRecViewController.swift */,
				4205259A1C0C425A001F9C95 /* ToDoViewController.swift */,
			);
			name = DetailControllers;
			sourceTree = "<group>";
		};
		42B0667C1C04BF1B0048244B /* MainControllers */ = {
			isa = PBXGroup;
			children = (
				426A899D1BFF22DE00249AF1 /* FirstViewController.swift */,
				426A899F1BFF22DE00249AF1 /* SecondViewController.swift */,
				426A89AF1BFF256500249AF1 /* ThirdViewController.swift */,
				426A89B11BFF257200249AF1 /* FourthViewController.swift */,
				426A89B31BFF257E00249AF1 /* FifthViewController.swift */,
			);
			name = MainControllers;
			sourceTree = "<group>";
		};
		42B0667D1C04BF590048244B /* SearchControllers */ = {
			isa = PBXGroup;
			children = (
				42B0667E1C04BF940048244B /* SearchViewController.swift */,
				421809E01C071FC900A627FC /* CategorySearchViewController.swift */,
			);
			name = SearchControllers;
			sourceTree = "<group>";
		};
		6BE1DFAC8A8BCA85419EFEFB /* Frameworks */ = {
			isa = PBXGroup;
			children = (
				426A8A3A1BFF668A00249AF1 /* Alamofire.framework */,
				426A89F71BFF575800249AF1 /* Alamofire.framework */,
				426A89F51BFF54B500249AF1 /* Alamofire.framework */,
				426A89F31BFF53FE00249AF1 /* Alamofire.framework */,
				426A89EC1BFF3B0500249AF1 /* Alamofire.framework */,
				426A89CF1BFF328900249AF1 /* libBolts.a */,
				426A89CD1BFF328600249AF1 /* libParse.a */,
				D9A30AFD14CD66E3404A37D1 /* libPods-Recipe.a */,
				DC54DB9E0F5F77CEA70DB98E /* Pods.framework */,
			);
			name = Frameworks;
			sourceTree = "<group>";
		};
/* End PBXGroup section */

/* Begin PBXNativeTarget section */
		426A89971BFF22DE00249AF1 /* Recipe */ = {
			isa = PBXNativeTarget;
			buildConfigurationList = 426A89AC1BFF22DE00249AF1 /* Build configuration list for PBXNativeTarget "Recipe" */;
			buildPhases = (
				426A89941BFF22DE00249AF1 /* Sources */,
				426A89951BFF22DE00249AF1 /* Frameworks */,
				426A89961BFF22DE00249AF1 /* Resources */,
				426A8A1C1BFF5A1100249AF1 /* Embed PlugIns */,
				426A8A421BFF68FC00249AF1 /* Embed Frameworks */,
			);
			buildRules = (
			);
			dependencies = (
			);
			name = Recipe;
			productName = Recipe;
			productReference = 426A89981BFF22DE00249AF1 /* Recipe.app */;
			productType = "com.apple.product-type.application";
		};
/* End PBXNativeTarget section */

/* Begin PBXProject section */
		426A89901BFF22DE00249AF1 /* Project object */ = {
			isa = PBXProject;
			attributes = {
				LastSwiftUpdateCheck = 0710;
				LastUpgradeCheck = 0710;
				ORGANIZATIONNAME = iOS;
				TargetAttributes = {
					426A89971BFF22DE00249AF1 = {
						CreatedOnToolsVersion = 7.1.1;
						DevelopmentTeam = ZAD32BLY8Z;
						SystemCapabilities = {
							com.apple.BackgroundModes = {
								enabled = 1;
							};
							com.apple.InAppPurchase = {
								enabled = 0;
							};
							com.apple.Push = {
								enabled = 1;
							};
						};
					};
				};
			};
			buildConfigurationList = 426A89931BFF22DE00249AF1 /* Build configuration list for PBXProject "Recipe" */;
			compatibilityVersion = "Xcode 3.2";
			developmentRegion = English;
			hasScannedForEncodings = 0;
			knownRegions = (
				en,
				Base,
			);
			mainGroup = 426A898F1BFF22DE00249AF1;
			productRefGroup = 426A89991BFF22DE00249AF1 /* Products */;
			projectDirPath = "";
			projectReferences = (
				{
					ProductGroup = 426A8A341BFF660B00249AF1 /* Products */;
					ProjectRef = 426A8A331BFF660B00249AF1 /* iOS Example.xcodeproj */;
				},
			);
			projectRoot = "";
			targets = (
				426A89971BFF22DE00249AF1 /* Recipe */,
			);
		};
/* End PBXProject section */

/* Begin PBXReferenceProxy section */
		426A8A391BFF660C00249AF1 /* iOS Example.app */ = {
			isa = PBXReferenceProxy;
			fileType = wrapper.application;
			path = "iOS Example.app";
			remoteRef = 426A8A381BFF660C00249AF1 /* PBXContainerItemProxy */;
			sourceTree = BUILT_PRODUCTS_DIR;
		};
/* End PBXReferenceProxy section */

/* Begin PBXResourcesBuildPhase section */
		426A89961BFF22DE00249AF1 /* Resources */ = {
			isa = PBXResourcesBuildPhase;
			buildActionMask = 2147483647;
			files = (
				426A89A81BFF22DE00249AF1 /* LaunchScreen.storyboard in Resources */,
				4252151C1C05BE4C00D2C712 /* InfoCell.xib in Resources */,
				425215231C05C02800D2C712 /* InstructionCell.xib in Resources */,
				422283A91C05A8440050BE7B /* IngredientViewController.xib in Resources */,
				423FBD351C20539100159A96 /* Config.plist in Resources */,
				422283AB1C05A8570050BE7B /* InstructionsViewController.xib in Resources */,
				425D21C91C04571C00B381FC /* TodayRecipe.xib in Resources */,
				425215251C05F3A100D2C712 /* IngredientCell.xib in Resources */,
				426A89A51BFF22DE00249AF1 /* Assets.xcassets in Resources */,
				422283A71C05A81A0050BE7B /* InfoViewController.xib in Resources */,
				426A89A31BFF22DE00249AF1 /* Main.storyboard in Resources */,
			);
			runOnlyForDeploymentPostprocessing = 0;
		};
/* End PBXResourcesBuildPhase section */

/* Begin PBXSourcesBuildPhase section */
		426A89941BFF22DE00249AF1 /* Sources */ = {
			isa = PBXSourcesBuildPhase;
			buildActionMask = 2147483647;
			files = (
				421809E41C07221C00A627FC /* SecondSubCatDetailViewController.swift in Sources */,
				425215591C061B4800D2C712 /* UIView+WebCacheOperation.m in Sources */,
				423FBD321C20536000159A96 /* Api.swift in Sources */,
				426A8A281BFF5ECB00249AF1 /* PushNotification.swift in Sources */,
				42B066831C04C4500048244B /* SearchCell.swift in Sources */,
				425215271C05F3DA00D2C712 /* IngredientCell.swift in Sources */,
				4222839D1C05A5910050BE7B /* CAPSPageMenu.swift in Sources */,
				426A89E51BFF361F00249AF1 /* RegisterViewController.swift in Sources */,
				425215211C05C00300D2C712 /* InstructionCell.swift in Sources */,
				429972391C0377C300C4FE60 /* FirstDetailViewController.swift in Sources */,
				426A89B41BFF257E00249AF1 /* FifthViewController.swift in Sources */,
				425215501C061B4800D2C712 /* SDWebImageDownloaderOperation.m in Sources */,
				425215521C061B4800D2C712 /* SDWebImagePrefetcher.m in Sources */,
				422283A51C05A8060050BE7B /* InstructionsViewController.swift in Sources */,
				42B0667F1C04BF950048244B /* SearchViewController.swift in Sources */,
				421809E11C071FC900A627FC /* CategorySearchViewController.swift in Sources */,
				426A89EB1BFF3A7A00249AF1 /* ProgressHUD.m in Sources */,
				425215551C061B4800D2C712 /* UIImage+MultiFormat.m in Sources */,
				4252151F1C05BE7200D2C712 /* InfoCell.swift in Sources */,
				422283A31C05A7F70050BE7B /* IngredientViewController.swift in Sources */,
				425215531C061B4800D2C712 /* UIButton+WebCache.m in Sources */,
				425215541C061B4800D2C712 /* UIImage+GIF.m in Sources */,
				425D21C71C04535100B381FC /* TodayRecipe.swift in Sources */,
				4205259E1C0C44CC001F9C95 /* IngredHeadCell.swift in Sources */,
				426A8A2B1BFF5EF100249AF1 /* Constants.swift in Sources */,
				420525A21C0C999A001F9C95 /* CheckBox.swift in Sources */,
				426A8A261BFF5ECB00249AF1 /* Utilities.swift in Sources */,
				420F624B1C0892C400505B4D /* ProtectedPageViewController.swift in Sources */,
				425D21CD1C0472F100B381FC /* VideoCell.swift in Sources */,
				422283A11C05A7E00050BE7B /* InfoViewController.swift in Sources */,
				4205259B1C0C425A001F9C95 /* ToDoViewController.swift in Sources */,
				426A89A01BFF22DE00249AF1 /* SecondViewController.swift in Sources */,
				4252154C1C061B4800D2C712 /* SDImageCache.m in Sources */,
				426A8A3D1BFF66CF00249AF1 /* Images.swift in Sources */,
				425215511C061B4800D2C712 /* SDWebImageManager.m in Sources */,
				425215561C061B4800D2C712 /* UIImage+WebP.m in Sources */,
				426A899C1BFF22DE00249AF1 /* AppDelegate.swift in Sources */,
				426A89B01BFF256500249AF1 /* ThirdViewController.swift in Sources */,
				425D21CF1C047F0500B381FC /* Helpers.swift in Sources */,
				426A89E41BFF361F00249AF1 /* LoginViewController.swift in Sources */,
				425215581C061B4800D2C712 /* UIImageView+WebCache.m in Sources */,
				4252154F1C061B4800D2C712 /* SDWebImageDownloader.m in Sources */,
				420525A01C0C44EE001F9C95 /* IngredCell.swift in Sources */,
				426A899E1BFF22DE00249AF1 /* FirstViewController.swift in Sources */,
				4252154A1C061B4800D2C712 /* MKAnnotationView+WebCache.m in Sources */,
				426A89B21BFF257200249AF1 /* FourthViewController.swift in Sources */,
				4252154E1C061B4800D2C712 /* SDWebImageDecoder.m in Sources */,
				4252154D1C061B4800D2C712 /* SDWebImageCompat.m in Sources */,
				425215571C061B4800D2C712 /* UIImageView+HighlightedWebCache.m in Sources */,
				420F62511C08B6E000505B4D /* ToDoRecCell.swift in Sources */,
				4252154B1C061B4800D2C712 /* NSData+ImageContentType.m in Sources */,
				426A89E11BFF35FB00249AF1 /* WelcomeViewController.swift in Sources */,
				420F62391C084F6800505B4D /* ThirdSubCatRecViewController.swift in Sources */,
			);
			runOnlyForDeploymentPostprocessing = 0;
		};
/* End PBXSourcesBuildPhase section */

/* Begin PBXVariantGroup section */
		426A89A11BFF22DE00249AF1 /* Main.storyboard */ = {
			isa = PBXVariantGroup;
			children = (
				426A89A21BFF22DE00249AF1 /* Base */,
			);
			name = Main.storyboard;
			sourceTree = "<group>";
		};
		426A89A61BFF22DE00249AF1 /* LaunchScreen.storyboard */ = {
			isa = PBXVariantGroup;
			children = (
				426A89A71BFF22DE00249AF1 /* Base */,
			);
			name = LaunchScreen.storyboard;
			sourceTree = "<group>";
		};
/* End PBXVariantGroup section */

/* Begin XCBuildConfiguration section */
		426A89AA1BFF22DE00249AF1 /* Debug */ = {
			isa = XCBuildConfiguration;
			buildSettings = {
				ALWAYS_SEARCH_USER_PATHS = NO;
				CLANG_CXX_LANGUAGE_STANDARD = "gnu++0x";
				CLANG_CXX_LIBRARY = "libc++";
				CLANG_ENABLE_MODULES = YES;
				CLANG_ENABLE_OBJC_ARC = YES;
				CLANG_WARN_BOOL_CONVERSION = YES;
				CLANG_WARN_CONSTANT_CONVERSION = YES;
				CLANG_WARN_DIRECT_OBJC_ISA_USAGE = YES_ERROR;
				CLANG_WARN_EMPTY_BODY = YES;
				CLANG_WARN_ENUM_CONVERSION = YES;
				CLANG_WARN_INT_CONVERSION = YES;
				CLANG_WARN_OBJC_ROOT_CLASS = YES_ERROR;
				CLANG_WARN_UNREACHABLE_CODE = YES;
				CLANG_WARN__DUPLICATE_METHOD_MATCH = YES;
				"CODE_SIGN_IDENTITY[sdk=iphoneos*]" = "iPhone Developer";
				COPY_PHASE_STRIP = NO;
				DEBUG_INFORMATION_FORMAT = dwarf;
				ENABLE_BITCODE = NO;
				ENABLE_STRICT_OBJC_MSGSEND = YES;
				ENABLE_TESTABILITY = YES;
				GCC_C_LANGUAGE_STANDARD = gnu99;
				GCC_DYNAMIC_NO_PIC = NO;
				GCC_NO_COMMON_BLOCKS = YES;
				GCC_OPTIMIZATION_LEVEL = 0;
				GCC_PREPROCESSOR_DEFINITIONS = (
					"DEBUG=1",
					"$(inherited)",
				);
				GCC_WARN_64_TO_32_BIT_CONVERSION = YES;
				GCC_WARN_ABOUT_RETURN_TYPE = YES_ERROR;
				GCC_WARN_UNDECLARED_SELECTOR = YES;
				GCC_WARN_UNINITIALIZED_AUTOS = YES_AGGRESSIVE;
				GCC_WARN_UNUSED_FUNCTION = YES;
				GCC_WARN_UNUSED_VARIABLE = YES;
				IPHONEOS_DEPLOYMENT_TARGET = 9.1;
				MTL_ENABLE_DEBUG_INFO = YES;
				ONLY_ACTIVE_ARCH = YES;
				SDKROOT = iphoneos;
				SWIFT_OPTIMIZATION_LEVEL = "-Onone";
				TARGETED_DEVICE_FAMILY = "1,2";
			};
			name = Debug;
		};
		426A89AB1BFF22DE00249AF1 /* Release */ = {
			isa = XCBuildConfiguration;
			buildSettings = {
				ALWAYS_SEARCH_USER_PATHS = NO;
				CLANG_CXX_LANGUAGE_STANDARD = "gnu++0x";
				CLANG_CXX_LIBRARY = "libc++";
				CLANG_ENABLE_MODULES = YES;
				CLANG_ENABLE_OBJC_ARC = YES;
				CLANG_WARN_BOOL_CONVERSION = YES;
				CLANG_WARN_CONSTANT_CONVERSION = YES;
				CLANG_WARN_DIRECT_OBJC_ISA_USAGE = YES_ERROR;
				CLANG_WARN_EMPTY_BODY = YES;
				CLANG_WARN_ENUM_CONVERSION = YES;
				CLANG_WARN_INT_CONVERSION = YES;
				CLANG_WARN_OBJC_ROOT_CLASS = YES_ERROR;
				CLANG_WARN_UNREACHABLE_CODE = YES;
				CLANG_WARN__DUPLICATE_METHOD_MATCH = YES;
				"CODE_SIGN_IDENTITY[sdk=iphoneos*]" = "iPhone Developer";
				COPY_PHASE_STRIP = NO;
				DEBUG_INFORMATION_FORMAT = "dwarf-with-dsym";
				ENABLE_BITCODE = NO;
				ENABLE_NS_ASSERTIONS = NO;
				ENABLE_STRICT_OBJC_MSGSEND = YES;
				GCC_C_LANGUAGE_STANDARD = gnu99;
				GCC_NO_COMMON_BLOCKS = YES;
				GCC_WARN_64_TO_32_BIT_CONVERSION = YES;
				GCC_WARN_ABOUT_RETURN_TYPE = YES_ERROR;
				GCC_WARN_UNDECLARED_SELECTOR = YES;
				GCC_WARN_UNINITIALIZED_AUTOS = YES_AGGRESSIVE;
				GCC_WARN_UNUSED_FUNCTION = YES;
				GCC_WARN_UNUSED_VARIABLE = YES;
				IPHONEOS_DEPLOYMENT_TARGET = 9.1;
				MTL_ENABLE_DEBUG_INFO = NO;
				SDKROOT = iphoneos;
				TARGETED_DEVICE_FAMILY = "1,2";
				VALIDATE_PRODUCT = YES;
			};
			name = Release;
		};
		426A89AD1BFF22DE00249AF1 /* Debug */ = {
			isa = XCBuildConfiguration;
			buildSettings = {
				ASSETCATALOG_COMPILER_APPICON_NAME = AppIcon;
				CODE_SIGN_IDENTITY = "iPhone Developer";
				"CODE_SIGN_IDENTITY[sdk=iphoneos*]" = "iPhone Developer";
				ENABLE_BITCODE = NO;
				FRAMEWORK_SEARCH_PATHS = (
					"$(inherited)",
					"$(PROJECT_DIR)/parse-library-1.9.1",
					"$(PROJECT_DIR)/build/Debug-iphoneos",
					"$(PROJECT_DIR)",
					"$(PROJECT_DIR)/Recipe",
				);
				INFOPLIST_FILE = Recipe/Info.plist;
				LD_RUNPATH_SEARCH_PATHS = "$(inherited) @executable_path/Frameworks";
				LIBRARY_SEARCH_PATHS = (
					"$(inherited)",
					"$(PROJECT_DIR)/build/Debug-iphoneos",
				);
				PRODUCT_BUNDLE_IDENTIFIER = com.roman.Recipe;
				PRODUCT_NAME = "$(TARGET_NAME)";
				PROVISIONING_PROFILE = "";
				SWIFT_OBJC_BRIDGING_HEADER = "/Users/Programmer/Documents/iOSProjects/Recipe/Recipe/Recipe-Bridging-Header.h";
			};
			name = Debug;
		};
		426A89AE1BFF22DE00249AF1 /* Release */ = {
			isa = XCBuildConfiguration;
			buildSettings = {
				ASSETCATALOG_COMPILER_APPICON_NAME = AppIcon;
				CODE_SIGN_IDENTITY = "iPhone Developer";
				"CODE_SIGN_IDENTITY[sdk=iphoneos*]" = "iPhone Developer";
				ENABLE_BITCODE = NO;
				FRAMEWORK_SEARCH_PATHS = (
					"$(inherited)",
					"$(PROJECT_DIR)/parse-library-1.9.1",
					"$(PROJECT_DIR)/build/Debug-iphoneos",
					"$(PROJECT_DIR)",
					"$(PROJECT_DIR)/Recipe",
				);
				INFOPLIST_FILE = Recipe/Info.plist;
				LD_RUNPATH_SEARCH_PATHS = "$(inherited) @executable_path/Frameworks";
				LIBRARY_SEARCH_PATHS = (
					"$(inherited)",
					"$(PROJECT_DIR)/build/Debug-iphoneos",
				);
				PRODUCT_BUNDLE_IDENTIFIER = com.roman.Recipe;
				PRODUCT_NAME = "$(TARGET_NAME)";
				PROVISIONING_PROFILE = "";
				SWIFT_OBJC_BRIDGING_HEADER = "/Users/Programmer/Documents/iOSProjects/Recipe/Recipe/Recipe-Bridging-Header.h";
			};
			name = Release;
		};
/* End XCBuildConfiguration section */

/* Begin XCConfigurationList section */
		426A89931BFF22DE00249AF1 /* Build configuration list for PBXProject "Recipe" */ = {
			isa = XCConfigurationList;
			buildConfigurations = (
				426A89AA1BFF22DE00249AF1 /* Debug */,
				426A89AB1BFF22DE00249AF1 /* Release */,
			);
			defaultConfigurationIsVisible = 0;
			defaultConfigurationName = Release;
		};
		426A89AC1BFF22DE00249AF1 /* Build configuration list for PBXNativeTarget "Recipe" */ = {
			isa = XCConfigurationList;
			buildConfigurations = (
				426A89AD1BFF22DE00249AF1 /* Debug */,
				426A89AE1BFF22DE00249AF1 /* Release */,
			);
			defaultConfigurationIsVisible = 0;
			defaultConfigurationName = Release;
		};
/* End XCConfigurationList section */
	};
	rootObject = 426A89901BFF22DE00249AF1 /* Project object */;
}
